
Microsoft Visual Studio Solution File, Format Version 12.00
# Visual Studio 15
Project("{FAE04EC0-301F-11D3-BF4B-00C04F79EFBC}") = "sc.terrain.painter.runtime", "sc.terrain.painter.runtime.csproj", "{BB16203D-74C2-1127-DFBB-83D020F93C51}"
EndProject
Project("{FAE04EC0-301F-11D3-BF4B-00C04F79EFBC}") = "Assembly-CSharp", "Assembly-CSharp.csproj", "{32C3BDE6-E125-3128-82C1-25D0441455A3}"
EndProject
Project("{FAE04EC0-301F-11D3-BF4B-00C04F79EFBC}") = "sc.terrain.painter.editor", "sc.terrain.painter.editor.csproj", "{08712948-8DCF-F823-4072-86F2A50C76D2}"
EndProject
Global
	GlobalSection(SolutionConfigurationPlatforms) = preSolution
		Debug|Any CPU = Debug|Any CPU
		Release|Any CPU = Release|Any CPU
	EndGlobalSection
	GlobalSection(ProjectConfigurationPlatforms) = postSolution
		{BB16203D-74C2-1127-DFBB-83D020F93C51}.Debug|Any CPU.ActiveCfg = Debug|Any CPU
		{BB16203D-74C2-1127-DFBB-83D020F93C51}.Debug|Any CPU.Build.0 = Debug|Any CPU
		{BB16203D-74C2-1127-DFBB-83D020F93C51}.Release|Any CPU.ActiveCfg = Release|Any CPU
		{BB16203D-74C2-1127-DFBB-83D020F93C51}.Release|Any CPU.Build.0 = Release|Any CPU
		{32C3BDE6-E125-3128-82C1-25D0441455A3}.Debug|Any CPU.ActiveCfg = Debug|Any CPU
		{32C3BDE6-E125-3128-82C1-25D0441455A3}.Debug|Any CPU.Build.0 = Debug|Any CPU
		{32C3BDE6-E125-3128-82C1-25D0441455A3}.Release|Any CPU.ActiveCfg = Release|Any CPU
		{32C3BDE6-E125-3128-82C1-25D0441455A3}.Release|Any CPU.Build.0 = Release|Any CPU
		{08712948-8DCF-F823-4072-86F2A50C76D2}.Debug|Any CPU.ActiveCfg = Debug|Any CPU
		{08712948-8DCF-F823-4072-86F2A50C76D2}.Debug|Any CPU.Build.0 = Debug|Any CPU
		{08712948-8DCF-F823-4072-86F2A50C76D2}.Release|Any CPU.ActiveCfg = Release|Any CPU
		{08712948-8DCF-F823-4072-86F2A50C76D2}.Release|Any CPU.Build.0 = Release|Any CPU
	EndGlobalSection
	GlobalSection(SolutionProperties) = preSolution
		HideSolutionNode = FALSE
	EndGlobalSection
EndGlobal
